# THIS IS AN AUTOGENERATED FILE. DO NOT EDIT THIS FILE DIRECTLY.
# yarn lockfile v1


"@hapi/accept@^6.0.0":
  version "6.0.0"
  resolved "https://registry.yarnpkg.com/@hapi/accept/-/accept-6.0.0.tgz#360d6a12c7597489b19ad7830b41e3c38fe8c8c4"
  integrity sha512-aG/Ml4kSBWCVmWvR8N8ULRuB385D8K/3OI7lquZQruH11eM7sHR5Nha30BbDzijJHtyV7Vwc6MlMwNfwb70ISg==
  dependencies:
    "@hapi/boom" "^10.0.0"
    "@hapi/hoek" "^10.0.0"

"@hapi/ammo@^6.0.0":
  version "6.0.0"
  resolved "https://registry.yarnpkg.com/@hapi/ammo/-/ammo-6.0.0.tgz#da790bf5ad5d08b4b68569e57627466ddd60cb45"
  integrity sha512-lhX7SYtWScQaeAIL5XnE54WzyDgS5RXVeEtFEovyZcTdVzTYbo0nem56Bwko1PBcRxRUIw1v2tMb6sjFs6vEwg==
  dependencies:
    "@hapi/hoek" "^10.0.0"

"@hapi/b64@^6.0.0":
  version "6.0.0"
  resolved "https://registry.yarnpkg.com/@hapi/b64/-/b64-6.0.0.tgz#1d6bd751568964d20649c2247abb80c2d1bcf56e"
  integrity sha512-Es6o4BtzvMmNF28KJGuwUzUtMjF6ToZ1hQt3UOjaXc6TNkRefel+NyQSjc9b5q3Re7xwv23r0xK3Vo3yreaJHQ==
  dependencies:
    "@hapi/hoek" "^10.0.0"

"@hapi/boom@^10.0.0":
  version "10.0.0"
  resolved "https://registry.yarnpkg.com/@hapi/boom/-/boom-10.0.0.tgz#3624831d0a26b3378423b246f50eacea16e04a08"
  integrity sha512-1YVs9tLHhypBqqinKQRqh7FUERIolarQApO37OWkzD+z6y6USi871Sv746zBPKcIOBuI6g6y4FrwX87mmJ90Gg==
  dependencies:
    "@hapi/hoek" "10.x.x"

"@hapi/boom@^9.0.0":
  version "9.1.4"
  resolved "https://registry.yarnpkg.com/@hapi/boom/-/boom-9.1.4.tgz#1f9dad367c6a7da9f8def24b4a986fc5a7bd9db6"
  integrity sha512-Ls1oH8jaN1vNsqcaHVYJrKmgMcKsC1wcp8bujvXrHaAqD2iDYq3HoOwsxwo09Cuda5R5nC0o0IxlrlTuvPuzSw==
  dependencies:
    "@hapi/hoek" "9.x.x"

"@hapi/bounce@^3.0.0":
  version "3.0.0"
  resolved "https://registry.yarnpkg.com/@hapi/bounce/-/bounce-3.0.0.tgz#ba0594472775b75b802843805adffe59e3231d38"
  integrity sha512-L0G4NcwwOYRhpcXeL76hNrLTUcObqtZMB3z4kcRVUZcR/w3v6C5Q1cTElV4/V7og1fG+wOyDR55UMFA+tWfhtA==
  dependencies:
    "@hapi/boom" "^10.0.0"
    "@hapi/hoek" "^10.0.0"

"@hapi/bourne@^3.0.0":
  version "3.0.0"
  resolved "https://registry.yarnpkg.com/@hapi/bourne/-/bourne-3.0.0.tgz#f11fdf7dda62fe8e336fa7c6642d9041f30356d7"
  integrity sha512-Waj1cwPXJDucOib4a3bAISsKJVb15MKi9IvmTI/7ssVEm6sywXGjVJDhl6/umt1pK1ZS7PacXU3A1PmFKHEZ2w==

"@hapi/call@^9.0.0":
  version "9.0.0"
  resolved "https://registry.yarnpkg.com/@hapi/call/-/call-9.0.0.tgz#add16e7cb81933ae5b549f7e26e411ef803ebc98"
  integrity sha512-Z6byqbEtKF3RIH2kWG6cX64RwEqHBWYEVkNoEx6oKvkPaTrC6WTPRgr+ANo9Xa8G1GXyvs/NCMTnn3Mdj12TSA==
  dependencies:
    "@hapi/boom" "^10.0.0"
    "@hapi/hoek" "^10.0.0"

"@hapi/catbox-memory@^6.0.0":
  version "6.0.0"
  resolved "https://registry.yarnpkg.com/@hapi/catbox-memory/-/catbox-memory-6.0.0.tgz#928efa20d291a7b95920921cb0718fcd874a131c"
  integrity sha512-A1O30g8GdaODx/GinytF6jFm772pdTPVWJe0cF2RiTOfhgIAAagzCcpBqRgQ8olLui0F5bzUF/SAi4BmkZ4yxA==
  dependencies:
    "@hapi/boom" "^10.0.0"
    "@hapi/hoek" "^10.0.0"

"@hapi/catbox@^12.0.0":
  version "12.1.0"
  resolved "https://registry.yarnpkg.com/@hapi/catbox/-/catbox-12.1.0.tgz#4119e580cb9a2be6d88d74ca901ed21f94f2bc6c"
  integrity sha512-60MCN5lgaXcuRTjMZqLR+DV0clS5RAFAwfYAQU2/na6PqrXHDRQcJwVMwP7jJayCrJm4POJlLDzZLuh1ba5XUg==
  dependencies:
    "@hapi/boom" "^10.0.0"
    "@hapi/hoek" "^10.0.0"
    "@hapi/podium" "^5.0.0"
    "@hapi/validate" "^2.0.0"

"@hapi/content@^6.0.0":
  version "6.0.0"
  resolved "https://registry.yarnpkg.com/@hapi/content/-/content-6.0.0.tgz#2427af3bac8a2f743512fce2a70cbdc365af29df"
  integrity sha512-CEhs7j+H0iQffKfe5Htdak5LBOz/Qc8TRh51cF+BFv0qnuph3Em4pjGVzJMkI2gfTDdlJKWJISGWS1rK34POGA==
  dependencies:
    "@hapi/boom" "^10.0.0"

"@hapi/cryptiles@^6.0.0":
  version "6.0.0"
  resolved "https://registry.yarnpkg.com/@hapi/cryptiles/-/cryptiles-6.0.0.tgz#730294830b04de9a35a83d7609eb67338dae6c5e"
  integrity sha512-CUypQJI2F3HaKZjwlky3KyLu7p0O4WJXNJj+2AZ0czqwkwQIz8j+btOkzA3OMar8WTntnCrDx0f92PzxEK+JlA==
  dependencies:
    "@hapi/boom" "^10.0.0"

"@hapi/file@^3.0.0":
  version "3.0.0"
  resolved "https://registry.yarnpkg.com/@hapi/file/-/file-3.0.0.tgz#f1fd824493ac89a6fceaf89c824afc5ae2121c09"
  integrity sha512-w+lKW+yRrLhJu620jT3y+5g2mHqnKfepreykvdOcl9/6up8GrQQn+l3FRTsjHTKbkbfQFkuksHpdv2EcpKcJ4Q==

"@hapi/hapi@^21.1.0":
  version "21.1.0"
  resolved "https://registry.yarnpkg.com/@hapi/hapi/-/hapi-21.1.0.tgz#0936480a92a4c57f4f49004ac857fe41dcd7fadb"
  integrity sha512-het7j9yLXZMVU1IvtN2JXkPkn/UcU1j8gsZxMS0Mu1q7791IQeyhT37tpRPUhqerOtL6L0E8Z8CvVVFOYxoN6w==
  dependencies:
    "@hapi/accept" "^6.0.0"
    "@hapi/ammo" "^6.0.0"
    "@hapi/boom" "^10.0.0"
    "@hapi/bounce" "^3.0.0"
    "@hapi/call" "^9.0.0"
    "@hapi/catbox" "^12.0.0"
    "@hapi/catbox-memory" "^6.0.0"
    "@hapi/heavy" "^8.0.0"
    "@hapi/hoek" "^10.0.0"
    "@hapi/mimos" "^7.0.0"
    "@hapi/podium" "^5.0.0"
    "@hapi/shot" "^6.0.0"
    "@hapi/somever" "^4.1.0"
    "@hapi/statehood" "^8.0.0"
    "@hapi/subtext" "^8.0.0"
    "@hapi/teamwork" "^6.0.0"
    "@hapi/topo" "^6.0.0"
    "@hapi/validate" "^2.0.0"

"@hapi/heavy@^8.0.0":
  version "8.0.0"
  resolved "https://registry.yarnpkg.com/@hapi/heavy/-/heavy-8.0.0.tgz#756c5170d1e8a9de10601489e250d00e1ecb5a49"
  integrity sha512-NpKo74mF66GSwYu31IZwp11/6NmaUYxHeMTKSky09XBs8fVbzQDP83856+l+Ji6wxGmUeg75itCu1ujvEF6mdA==
  dependencies:
    "@hapi/boom" "^10.0.0"
    "@hapi/hoek" "^10.0.0"
    "@hapi/validate" "^2.0.0"

"@hapi/hoek@10.x.x", "@hapi/hoek@^10.0.0":
  version "10.0.1"
  resolved "https://registry.yarnpkg.com/@hapi/hoek/-/hoek-10.0.1.tgz#ee9da297fabc557e1c040a0f44ee89c266ccc306"
  integrity sha512-CvlW7jmOhWzuqOqiJQ3rQVLMcREh0eel4IBnxDx2FAcK8g7qoJRQK4L1CPBASoCY6y8e6zuCy3f2g+HWdkzcMw==

"@hapi/hoek@9.x.x", "@hapi/hoek@^9.0.0":
  version "9.3.0"
  resolved "https://registry.yarnpkg.com/@hapi/hoek/-/hoek-9.3.0.tgz#8368869dcb735be2e7f5cb7647de78e167a251fb"
  integrity sha512-/c6rf4UJlmHlC9b5BaNvzAcFv7HZ2QHaV0D4/HNlBdvFnvQq8RI4kYdhyPCl7Xj+oWvTWQ8ujhqS53LIgAe6KQ==

"@hapi/iron@^7.0.0":
  version "7.0.0"
  resolved "https://registry.yarnpkg.com/@hapi/iron/-/iron-7.0.0.tgz#8a69b3e4cd69e908baf23cfeeb6c06d27b53a3bc"
  integrity sha512-NNXJP5fpeiTCPj/4OJG2PWBjWC0/V5D8YggS9RZeuBbfUUuTYE6TbdGqLUsCzIpPI54I8W5dhwEGbRv1CnWQtw==
  dependencies:
    "@hapi/b64" "^6.0.0"
    "@hapi/boom" "^10.0.0"
    "@hapi/bourne" "^3.0.0"
    "@hapi/cryptiles" "^6.0.0"
    "@hapi/hoek" "^10.0.0"

"@hapi/mimos@^7.0.0":
  version "7.0.0"
  resolved "https://registry.yarnpkg.com/@hapi/mimos/-/mimos-7.0.0.tgz#bbe4130bb0235e63d75718f9d8b8f7401532e217"
  integrity sha512-ALORTrZrrBPOUX05rW4htNajoekEjQtUi1PB+17/3xs/hkdQ+gSEFbs5GdJihA49qWf7td3v4PgnvOe8mcf/jQ==
  dependencies:
    "@hapi/hoek" "^10.0.0"
    mime-db "^1.52.0"

"@hapi/nigel@^5.0.0":
  version "5.0.0"
  resolved "https://registry.yarnpkg.com/@hapi/nigel/-/nigel-5.0.0.tgz#f26c2be2d20d9b07df238b71544e80a7ecc7655e"
  integrity sha512-I9eq43BnSdz1BkvMpG7mFL7J+SIfn6DLNThuxFpIOAMUnkWbPgtcFP+HHrBAeoFkowfgQrr02vsIAkAPml4hvw==
  dependencies:
    "@hapi/hoek" "^10.0.0"
    "@hapi/vise" "^5.0.0"

"@hapi/pez@^6.0.0":
  version "6.0.0"
  resolved "https://registry.yarnpkg.com/@hapi/pez/-/pez-6.0.0.tgz#eb80329439436732acf4f331117c825b95329211"
  integrity sha512-3bMmsvlqrVNqaNEe4JWLZVpJ40jXuQ3vDy1+fbhyJmuAdMCMCkWexsKc7fT+mu18pFIwJzlenjc4/VE3weTq7w==
  dependencies:
    "@hapi/b64" "^6.0.0"
    "@hapi/boom" "^10.0.0"
    "@hapi/content" "^6.0.0"
    "@hapi/hoek" "^10.0.0"
    "@hapi/nigel" "^5.0.0"

"@hapi/podium@^5.0.0":
  version "5.0.0"
  resolved "https://registry.yarnpkg.com/@hapi/podium/-/podium-5.0.0.tgz#b32fba98a0ebb0a1ee233cb77339da84322d77ae"
  integrity sha512-SbhFdu8LOIscMS82Zsoj9abcllAqbK4qBgznzJ9yr+vS2j1EomJTukkhxb76Lml0BHCd4Hn79F+3EQg06kcf8g==
  dependencies:
    "@hapi/hoek" "^10.0.0"
    "@hapi/teamwork" "^6.0.0"
    "@hapi/validate" "^2.0.0"

"@hapi/shot@^6.0.0":
  version "6.0.0"
  resolved "https://registry.yarnpkg.com/@hapi/shot/-/shot-6.0.0.tgz#ed87a26dcb25c930293ae690830d3479dbf4e75a"
  integrity sha512-RLGgzXy9GciJDunhY40NbVnLgYqp5gfBooZ2fOkAr4KbCEav/SJtYQS1N+knR7WFGzy8aooCR3XBUPI4ghHAkQ==
  dependencies:
    "@hapi/hoek" "^10.0.0"
    "@hapi/validate" "^2.0.0"

"@hapi/somever@^4.1.0":
  version "4.1.0"
  resolved "https://registry.yarnpkg.com/@hapi/somever/-/somever-4.1.0.tgz#021f16da2a4f28924d520bfeeb8efca329b99fe1"
  integrity sha512-koNBYu7Jdcb7gaC4VcnU78rFxSlsYwuElm6NMznE0EEeznzJtvLLmDZX0SPX8kXWC/E7ONlE29HF/yiSOgWG1Q==
  dependencies:
    "@hapi/bounce" "^3.0.0"
    "@hapi/hoek" "^9.0.0"

"@hapi/statehood@^8.0.0":
  version "8.0.0"
  resolved "https://registry.yarnpkg.com/@hapi/statehood/-/statehood-8.0.0.tgz#ca0b1c1ddeece82f4981a01d95e0d963f39c7cae"
  integrity sha512-umQTPID7BwmqAv9Rx7yLtbTNzsYg4va96aLqKneb3mlBQG32uq4iOQZ6luwBVACDFhqU3C3ewhznhukN09ZkZQ==
  dependencies:
    "@hapi/boom" "^10.0.0"
    "@hapi/bounce" "^3.0.0"
    "@hapi/bourne" "^3.0.0"
    "@hapi/cryptiles" "^6.0.0"
    "@hapi/hoek" "^10.0.0"
    "@hapi/iron" "^7.0.0"
    "@hapi/validate" "^2.0.0"

"@hapi/subtext@^8.0.0":
  version "8.0.0"
  resolved "https://registry.yarnpkg.com/@hapi/subtext/-/subtext-8.0.0.tgz#40ca7303f141a19b6b1db997660a68ab64a03494"
  integrity sha512-fD+LY1U1SIUNHZJrNMIbuGl3CAd9JN8slljarFO4b8RrifkzjqbvdlZu/6iT6zlNM35GtDExf7hIepbUFUkT7A==
  dependencies:
    "@hapi/boom" "^10.0.0"
    "@hapi/bourne" "^3.0.0"
    "@hapi/content" "^6.0.0"
    "@hapi/file" "^3.0.0"
    "@hapi/hoek" "^10.0.0"
    "@hapi/pez" "^6.0.0"
    "@hapi/wreck" "^18.0.0"

"@hapi/teamwork@^6.0.0":
  version "6.0.0"
  resolved "https://registry.yarnpkg.com/@hapi/teamwork/-/teamwork-6.0.0.tgz#b3a173cf811ba59fc6ee22318a1b51f4561f06e0"
  integrity sha512-05HumSy3LWfXpmJ9cr6HzwhAavrHkJ1ZRCmNE2qJMihdM5YcWreWPfyN0yKT2ZjCM92au3ZkuodjBxOibxM67A==

"@hapi/topo@^6.0.0":
  version "6.0.0"
  resolved "https://registry.yarnpkg.com/@hapi/topo/-/topo-6.0.0.tgz#6548e23e0a3d3b117eb0671dba49f654c9224c21"
  integrity sha512-aorJvN1Q1n5xrZuA50Z4X6adI6VAM2NalIVm46ALL9LUvdoqhof3JPY69jdJH8asM3PsWr2SUVYzp57EqUP41A==
  dependencies:
    "@hapi/hoek" "^10.0.0"

"@hapi/validate@^2.0.0":
  version "2.0.0"
  resolved "https://registry.yarnpkg.com/@hapi/validate/-/validate-2.0.0.tgz#16595de18b2c29621f06f4b29dcc39750c4b94a3"
  integrity sha512-w5m8MvBgqGndbMIB+AWmXTb8CLtF1DlIxbnbAHNAo7aFuNQuI1Ywc2e0zDLK5fbFXDoqRzNrHnC7JjNJ+hDigw==
  dependencies:
    "@hapi/hoek" "^10.0.0"
    "@hapi/topo" "^6.0.0"

"@hapi/vise@^5.0.0":
  version "5.0.0"
  resolved "https://registry.yarnpkg.com/@hapi/vise/-/vise-5.0.0.tgz#d10f393a61cfecdb1a3d5ac1546c2c3293413777"
  integrity sha512-bz/PA7DHIvsd/2eoW7t9WpU8+k9pofZHppYEn1mCTOVnC/cGN3hCEYaoAe6BpoeJM72iJDKZEOWvQvfgCrmzxA==
  dependencies:
    "@hapi/hoek" "^10.0.0"

"@hapi/wreck@^18.0.0":
  version "18.0.0"
  resolved "https://registry.yarnpkg.com/@hapi/wreck/-/wreck-18.0.0.tgz#73da0a238ef5bc45197b4a5fee3b6901d64dd381"
  integrity sha512-Yk9STxoM06Hjjq58cH0KFG91u9F2h9eVE72o8vUr3AfK80qt7I2POG5+cDGTEntbnvvzm0ERow2sjG3QsqCWUA==
  dependencies:
    "@hapi/boom" "^10.0.0"
    "@hapi/bourne" "^3.0.0"
    "@hapi/hoek" "^10.0.0"

"@types/debug@^4.1.7":
  version "4.1.7"
  resolved "https://registry.yarnpkg.com/@types/debug/-/debug-4.1.7.tgz#7cc0ea761509124709b8b2d1090d8f6c17aadb82"
  integrity sha512-9AonUzyTjXXhEOa0DnqpzZi6VHlqKMswga9EXjpXnnqxwLtdvPPtlO8evrI5D9S6asFRCQ6v+wpiUKbw+vKqyg==
  dependencies:
    "@types/ms" "*"

"@types/ms@*":
  version "0.7.31"
  resolved "https://registry.yarnpkg.com/@types/ms/-/ms-0.7.31.tgz#31b7ca6407128a3d2bbc27fe2d21b345397f6197"
  integrity sha512-iiUgKzV9AuaEkZqkOLDIvlQiL6ltuZd9tGcW3gwpnX8JbuiuhFlEGmmFXEXkN50Cvq7Os88IY2v0dkDqXYWVgA==

"@types/node@*":
  version "18.11.18"
  resolved "https://registry.yarnpkg.com/@types/node/-/node-18.11.18.tgz#8dfb97f0da23c2293e554c5a50d61ef134d7697f"
  integrity sha512-DHQpWGjyQKSHj3ebjFI/wRKcqQcdR+MoFBygntYOZytCqNfkd2ZC4ARDJ2DQqhjH5p85Nnd3jhUJIXrszFX/JA==

"@types/validator@^13.7.1":
  version "13.7.10"
  resolved "https://registry.yarnpkg.com/@types/validator/-/validator-13.7.10.tgz#f9763dc0933f8324920afa9c0790308eedf55ca7"
  integrity sha512-t1yxFAR2n0+VO6hd/FJ9F2uezAZVWHLmpmlJzm1eX03+H7+HsuTAp7L8QJs+2pQCfWkP1+EXsGK9Z9v7o/qPVQ==

abbrev@^1.0.0:
  version "1.1.1"
  resolved "https://registry.yarnpkg.com/abbrev/-/abbrev-1.1.1.tgz#f8f2c887ad10bf67f634f005b6987fed3179aac8"
  integrity sha512-nne9/IiQ/hzIhY6pdDnbBtz7DjPTKrY00P/zvPSm5pOFkl6xuGrGnXn/VtTNNfNtAfZ9/1RtehkszU9qcTii0Q==

ansi-regex@^5.0.1:
  version "5.0.1"
  resolved "https://registry.yarnpkg.com/ansi-regex/-/ansi-regex-5.0.1.tgz#082cb2c89c9fe8659a311a53bd6a4dc5301db304"
  integrity sha512-quJQXlTSUGL2LH9SUXo8VwsY4soanhgo6LNSm84E1LBcE8s3O0wpdiRzyR9z/ZZJMlMWv37qOOb9pdJlMUEKFQ==

ansi-styles@^4.0.0:
  version "4.3.0"
  resolved "https://registry.yarnpkg.com/ansi-styles/-/ansi-styles-4.3.0.tgz#edd803628ae71c04c85ae7a0906edad34b648937"
  integrity sha512-zbB9rCJAT1rbjiVDb2hqKFHNYLxgtk8NURxZ3IZwD3F6NtxbXZQCnnSi1Lkx+IDohdPlFp222wVALIheZJQSEg==
  dependencies:
    color-convert "^2.0.1"

at-least-node@^1.0.0:
  version "1.0.0"
  resolved "https://registry.yarnpkg.com/at-least-node/-/at-least-node-1.0.0.tgz#602cd4b46e844ad4effc92a8011a3c46e0238dc2"
  integrity sha512-+q/t7Ekv1EDY2l6Gda6LLiX14rU9TV20Wa3ofeQmwPFZbOMo9DXrLbOjFaaclkXKWidIaopwAObQDqwWtGUjqg==

balanced-match@^1.0.0:
  version "1.0.2"
  resolved "https://registry.yarnpkg.com/balanced-match/-/balanced-match-1.0.2.tgz#e83e3a7e3f300b34cb9d87f615fa0cbf357690ee"
  integrity sha512-3oSeUO0TMV67hN1AmbXsK4yaqU7tjiHlbxRDZOpH0KW9+CeX4bRAaX0Anxt0tx2MrpRpWwQaPwIlISEJhYU5Pw==

bluebird@^3.7.2:
  version "3.7.2"
  resolved "https://registry.yarnpkg.com/bluebird/-/bluebird-3.7.2.tgz#9f229c15be272454ffa973ace0dbee79a1b0c36f"
  integrity sha512-XpNj6GDQzdfW+r2Wnn7xiSAd7TM3jzkxGXBGTtWKuSXv1xUV+azxAm8jdWZN06QTQk+2N2XB9jRDkvbmQmcRtg==

brace-expansion@^2.0.1:
  version "2.0.1"
  resolved "https://registry.yarnpkg.com/brace-expansion/-/brace-expansion-2.0.1.tgz#1edc459e0f0c548486ecf9fc99f2221364b9a0ae"
  integrity sha512-XnAIvQ8eM+kC6aULx6wuQiwVsnzsi9d3WxzV3FpWTGA19F621kwdbsAcFKXgKUHZWsy+mY6iL1sHTxWEFCytDA==
  dependencies:
    balanced-match "^1.0.0"

buffer-equal-constant-time@1.0.1:
  version "1.0.1"
  resolved "https://registry.yarnpkg.com/buffer-equal-constant-time/-/buffer-equal-constant-time-1.0.1.tgz#f8e71132f7ffe6e01a5c9697a4c6f3e48d5cc819"
  integrity sha512-zRpUiDwd/xk6ADqPMATG8vc9VPrkck7T07OIx0gnjmJAnHnTVXNQG3vfvWNuiZIkwu9KrKdA1iJKfsfTVxE6NA==

cli-color@^2.0.3:
  version "2.0.3"
  resolved "https://registry.yarnpkg.com/cli-color/-/cli-color-2.0.3.tgz#73769ba969080629670f3f2ef69a4bf4e7cc1879"
  integrity sha512-OkoZnxyC4ERN3zLzZaY9Emb7f/MhBOIpePv0Ycok0fJYT+Ouo00UBEIwsVsr0yoow++n5YWlSUgST9GKhNHiRQ==
  dependencies:
    d "^1.0.1"
    es5-ext "^0.10.61"
    es6-iterator "^2.0.3"
    memoizee "^0.4.15"
    timers-ext "^0.1.7"

cliui@^7.0.2:
  version "7.0.4"
  resolved "https://registry.yarnpkg.com/cliui/-/cliui-7.0.4.tgz#a0265ee655476fc807aea9df3df8df7783808b4f"
  integrity sha512-OcRE68cOsVMXp1Yvonl/fzkQOyjLSu/8bhPDfQt0e0/Eb283TKP20Fs2MqoPsr9SwA595rRCA+QMzYc9nBP+JQ==
  dependencies:
    string-width "^4.2.0"
    strip-ansi "^6.0.0"
    wrap-ansi "^7.0.0"

color-convert@^2.0.1:
  version "2.0.1"
  resolved "https://registry.yarnpkg.com/color-convert/-/color-convert-2.0.1.tgz#72d3a68d598c9bdb3af2ad1e84f21d896abd4de3"
  integrity sha512-RRECPsj7iu/xb5oKYcsFHSppFNnsj/52OVTRKb4zP5onXwVF3zVmmToNcOfGC+CRDpfK/U584fMg38ZHCaElKQ==
  dependencies:
    color-name "~1.1.4"

color-name@~1.1.4:
  version "1.1.4"
  resolved "https://registry.yarnpkg.com/color-name/-/color-name-1.1.4.tgz#c2a09a87acbde69543de6f63fa3995c826c536a2"
  integrity sha512-dOy+3AuW3a2wNbZHIuMZpTcgjGuLU/uBL/ubcZF9OXbDo8ff4O8yVp5Bf0efS8uEoYo5q4Fx7dY9OgQGXgAsQA==

commander@^2.19.0:
  version "2.20.3"
  resolved "https://registry.yarnpkg.com/commander/-/commander-2.20.3.tgz#fd485e84c03eb4881c20722ba48035e8531aeb33"
  integrity sha512-GpVkmM8vF2vQUkj2LvZmD35JxeJOLCwJ9cUkugyk2nuhbv3+mJvpLYYt+0+USMxE+oj+ey/lJEnhZw75x/OMcQ==

config-chain@^1.1.13:
  version "1.1.13"
  resolved "https://registry.yarnpkg.com/config-chain/-/config-chain-1.1.13.tgz#fad0795aa6a6cdaff9ed1b68e9dff94372c232f4"
  integrity sha512-qj+f8APARXHrM0hraqXYb2/bOVSV4PvJQlNZ/DVj0QrmNM2q2euizkeuVckQ57J+W0mRH6Hvi+k50M4Jul2VRQ==
  dependencies:
    ini "^1.3.4"
    proto-list "~1.2.1"

cookie@^0.4.0:
  version "0.4.2"
  resolved "https://registry.yarnpkg.com/cookie/-/cookie-0.4.2.tgz#0e41f24de5ecf317947c82fc789e06a884824432"
  integrity sha512-aSWTXFzaKWkvHO1Ny/s+ePFpvKsPnjc551iI41v3ny/ow6tBG5Vd+FuqGNhh1LxOmVzOlGUriIlOaokOvhaStA==

d@1, d@^1.0.1:
  version "1.0.1"
  resolved "https://registry.yarnpkg.com/d/-/d-1.0.1.tgz#8698095372d58dbee346ffd0c7093f99f8f9eb5a"
  integrity sha512-m62ShEObQ39CfralilEQRjH6oAMtNCV1xJyEx5LpRYUVN+EviphDgUc/F3hnYbADmkiNs67Y+3ylmlG7Lnu+FA==
  dependencies:
    es5-ext "^0.10.50"
    type "^1.0.1"

debug@^4.3.3:
  version "4.3.4"
  resolved "https://registry.yarnpkg.com/debug/-/debug-4.3.4.tgz#1319f6579357f2338d3337d2cdd4914bb5dcc865"
  integrity sha512-PRWFHuSU3eDtQJPvnNY7Jcket1j0t5OuOsFzPPzsekD52Zl8qUfFIPEiswXqIvHWGVHOgX+7G/vCNNhehwxfkQ==
  dependencies:
    ms "2.1.2"

deepmerge@^4.0.0:
  version "4.2.2"
  resolved "https://registry.yarnpkg.com/deepmerge/-/deepmerge-4.2.2.tgz#44d2ea3679b8f4d4ffba33f03d865fc1e7bf4955"
  integrity sha512-FJ3UgI4gIl+PHZm53knsuSFpE+nESMr7M4v9QcgB7S63Kj/6WqMiFQJpBBYz1Pt+66bZpP3Q7Lye0Oo9MPKEdg==

denque@^2.0.1:
  version "2.1.0"
  resolved "https://registry.yarnpkg.com/denque/-/denque-2.1.0.tgz#e93e1a6569fb5e66f16a3c2a2964617d349d6ab1"
  integrity sha512-HVQE3AAb/pxF8fQAoiqpvg9i3evqug3hoiwakOyZAwJm+6vZehbkYXZ0l4JxS+I3QxM97v5aaRNhj8v5oBhekw==

dottie@^2.0.2:
  version "2.0.2"
  resolved "https://registry.yarnpkg.com/dottie/-/dottie-2.0.2.tgz#cc91c0726ce3a054ebf11c55fbc92a7f266dd154"
  integrity sha512-fmrwR04lsniq/uSr8yikThDTrM7epXHBAAjH9TbeH3rEA8tdCO7mRzB9hdmdGyJCxF8KERo9CITcm3kGuoyMhg==

ecdsa-sig-formatter@1.0.11:
  version "1.0.11"
  resolved "https://registry.yarnpkg.com/ecdsa-sig-formatter/-/ecdsa-sig-formatter-1.0.11.tgz#ae0f0fa2d85045ef14a817daa3ce9acd0489e5bf"
  integrity sha512-nagl3RYrbNv6kQkeJIpt6NJZy8twLB/2vtz6yN9Z4vRKHN4/QZJIEbqohALSgwKdnksuY3k5Addp5lg8sVoVcQ==
  dependencies:
    safe-buffer "^5.0.1"

editorconfig@^0.15.3:
  version "0.15.3"
  resolved "https://registry.yarnpkg.com/editorconfig/-/editorconfig-0.15.3.tgz#bef84c4e75fb8dcb0ce5cee8efd51c15999befc5"
  integrity sha512-M9wIMFx96vq0R4F+gRpY3o2exzb8hEj/n9S8unZtHSvYjibBp/iMufSzvmOcV/laG0ZtuTVGtiJggPOSW2r93g==
  dependencies:
    commander "^2.19.0"
    lru-cache "^4.1.5"
    semver "^5.6.0"
    sigmund "^1.0.1"

emoji-regex@^8.0.0:
  version "8.0.0"
  resolved "https://registry.yarnpkg.com/emoji-regex/-/emoji-regex-8.0.0.tgz#e818fd69ce5ccfcb404594f842963bf53164cc37"
  integrity sha512-MSjYzcWNOA0ewAHpz0MxpYFvwg6yjy1NG3xteoqz644VCo/RPgnr1/GGt+ic3iJTzQ8Eu3TdM14SawnVUmGE6A==

es5-ext@^0.10.35, es5-ext@^0.10.46, es5-ext@^0.10.50, es5-ext@^0.10.53, es5-ext@^0.10.61, es5-ext@~0.10.14, es5-ext@~0.10.2, es5-ext@~0.10.46:
  version "0.10.62"
  resolved "https://registry.yarnpkg.com/es5-ext/-/es5-ext-0.10.62.tgz#5e6adc19a6da524bf3d1e02bbc8960e5eb49a9a5"
  integrity sha512-BHLqn0klhEpnOKSrzn/Xsz2UIW8j+cGmo9JLzr8BiUapV8hPL9+FliFqjwr9ngW7jWdnxv6eO+/LqyhJVqgrjA==
  dependencies:
    es6-iterator "^2.0.3"
    es6-symbol "^3.1.3"
    next-tick "^1.1.0"

es6-iterator@^2.0.3:
  version "2.0.3"
  resolved "https://registry.yarnpkg.com/es6-iterator/-/es6-iterator-2.0.3.tgz#a7de889141a05a94b0854403b2d0a0fbfa98f3b7"
  integrity sha512-zw4SRzoUkd+cl+ZoE15A9o1oQd920Bb0iOJMQkQhl3jNc03YqVjAhG7scf9C5KWRU/R13Orf588uCC6525o02g==
  dependencies:
    d "1"
    es5-ext "^0.10.35"
    es6-symbol "^3.1.1"

es6-symbol@^3.1.1, es6-symbol@^3.1.3:
  version "3.1.3"
  resolved "https://registry.yarnpkg.com/es6-symbol/-/es6-symbol-3.1.3.tgz#bad5d3c1bcdac28269f4cb331e431c78ac705d18"
  integrity sha512-NJ6Yn3FuDinBaBRWl/q5X/s4koRHBrgKAu+yGI6JCBeiu3qrcbJhwT2GeR/EXVfylRk8dpQVJoLEFhK+Mu31NA==
  dependencies:
    d "^1.0.1"
    ext "^1.1.2"

es6-weak-map@^2.0.3:
  version "2.0.3"
  resolved "https://registry.yarnpkg.com/es6-weak-map/-/es6-weak-map-2.0.3.tgz#b6da1f16cc2cc0d9be43e6bdbfc5e7dfcdf31d53"
  integrity sha512-p5um32HOTO1kP+w7PRnB+5lQ43Z6muuMuIMffvDN8ZB4GcnjLBV6zGStpbASIMk4DCAvEaamhe2zhyCb/QXXsA==
  dependencies:
    d "1"
    es5-ext "^0.10.46"
    es6-iterator "^2.0.3"
    es6-symbol "^3.1.1"

escalade@^3.1.1:
  version "3.1.1"
  resolved "https://registry.yarnpkg.com/escalade/-/escalade-3.1.1.tgz#d8cfdc7000965c5a0174b4a82eaa5c0552742e40"
  integrity sha512-k0er2gUkLf8O0zKJiAhmkTnJlTvINGv7ygDNPbeIsX/TJjGJZHuh9B2UxbsaEkmlEo9MfhrSzmhIlhRlI2GXnw==

event-emitter@^0.3.5:
  version "0.3.5"
  resolved "https://registry.yarnpkg.com/event-emitter/-/event-emitter-0.3.5.tgz#df8c69eef1647923c7157b9ce83840610b02cc39"
  integrity sha512-D9rRn9y7kLPnJ+hMq7S/nhvoKwwvVJahBi2BPmx3bvbsEdK3W9ii8cBSGjP+72/LnM4n6fo3+dkCX5FeTQruXA==
  dependencies:
    d "1"
    es5-ext "~0.10.14"

ext@^1.1.2:
  version "1.7.0"
  resolved "https://registry.yarnpkg.com/ext/-/ext-1.7.0.tgz#0ea4383c0103d60e70be99e9a7f11027a33c4f5f"
  integrity sha512-6hxeJYaL110a9b5TEJSj0gojyHQAmA2ch5Os+ySCiA1QGdS697XWY1pzsrSjqA9LDEEgdB/KypIlR59RcLuHYw==
  dependencies:
    type "^2.7.2"

fs-extra@^9.1.0:
  version "9.1.0"
  resolved "https://registry.yarnpkg.com/fs-extra/-/fs-extra-9.1.0.tgz#5954460c764a8da2094ba3554bf839e6b9a7c86d"
  integrity sha512-hcg3ZmepS30/7BSFqRvoo3DOMQu7IjqxO5nCDt+zM9XWjb33Wg7ziNT+Qvqbuc3+gWpzO02JubVyk2G4Zvo1OQ==
  dependencies:
    at-least-node "^1.0.0"
    graceful-fs "^4.2.0"
    jsonfile "^6.0.1"
    universalify "^2.0.0"

fs.realpath@^1.0.0:
  version "1.0.0"
  resolved "https://registry.yarnpkg.com/fs.realpath/-/fs.realpath-1.0.0.tgz#1504ad2523158caa40db4a2787cb01411994ea4f"
  integrity sha512-OO0pH2lK6a0hZnAdau5ItzHPI6pUlvI7jMVnxUQRtw4owF2wk8lOSabtGDCTP4Ggrg2MbGnWO9X8K1t4+fGMDw==

function-bind@^1.1.1:
  version "1.1.1"
  resolved "https://registry.yarnpkg.com/function-bind/-/function-bind-1.1.1.tgz#a56899d3ea3c9bab874bb9773b7c5ede92f4895d"
  integrity sha512-yIovAzMX49sF8Yl58fSCWJ5svSLuaibPxXQJFLmBObTuCr0Mf1KiPopGM9NiFjiYBCbfaa2Fh6breQ6ANVTI0A==

generate-function@^2.3.1:
  version "2.3.1"
  resolved "https://registry.yarnpkg.com/generate-function/-/generate-function-2.3.1.tgz#f069617690c10c868e73b8465746764f97c3479f"
  integrity sha512-eeB5GfMNeevm/GRYq20ShmsaGcmI81kIX2K9XQx5miC8KdHaC6Jm0qQ8ZNeGOi7wYB8OsdxKs+Y2oVuTFuVwKQ==
  dependencies:
    is-property "^1.0.2"

get-caller-file@^2.0.5:
  version "2.0.5"
  resolved "https://registry.yarnpkg.com/get-caller-file/-/get-caller-file-2.0.5.tgz#4f94412a82db32f36e3b0b9741f8a97feb031f7e"
  integrity sha512-DyFP3BM/3YHTQOCUL/w0OZHR0lpKeGrxotcHWcqNEdnltqFwXVfhEBQ94eIo34AfQpo0rGki4cyIiftY06h2Fg==

glob@^8.0.3:
  version "8.0.3"
  resolved "https://registry.yarnpkg.com/glob/-/glob-8.0.3.tgz#415c6eb2deed9e502c68fa44a272e6da6eeca42e"
  integrity sha512-ull455NHSHI/Y1FqGaaYFaLGkNMMJbavMrEGFXG/PGrg6y7sutWHUHrz6gy6WEBH6akM1M414dWKCNs+IhKdiQ==
  dependencies:
    fs.realpath "^1.0.0"
    inflight "^1.0.4"
    inherits "2"
    minimatch "^5.0.1"
    once "^1.3.0"

graceful-fs@^4.1.6, graceful-fs@^4.2.0:
  version "4.2.10"
  resolved "https://registry.yarnpkg.com/graceful-fs/-/graceful-fs-4.2.10.tgz#147d3a006da4ca3ce14728c7aefc287c367d7a6c"
  integrity sha512-9ByhssR2fPVsNZj478qUUbKfmL0+t5BDVyjShtyZZLiK7ZDAArFFfopyOTj0M05wE2tJPisA4iTnnXl2YoPvOA==

hapi-auth-jwt2@^10.2.0:
  version "10.2.0"
  resolved "https://registry.yarnpkg.com/hapi-auth-jwt2/-/hapi-auth-jwt2-10.2.0.tgz#213015f77b8d4e6a103cbe348b2d8e64d31d57e2"
  integrity sha512-6Xkt0LHNBglYWOlFulNgf5pUPqRGMKpAHZjwEZqC8/07TVlgxr240pENctrthcLi8k/yCunm7x2xCSLNyTGKmg==
  dependencies:
    "@hapi/boom" "^9.0.0"
    cookie "^0.4.0"
    jsonwebtoken "^8.5.1"

"hapi-sequelize-restify@file:.yalc/hapi-sequelize-restify":
  version "0.1.0"
  dependencies:
    "@hapi/boom" "^10.0.0"
    deepmerge "^4.0.0"
    hapi-auth-jwt2 "^10.2.0"
    jsonwebtoken "^8.5.1"

has@^1.0.3:
  version "1.0.3"
  resolved "https://registry.yarnpkg.com/has/-/has-1.0.3.tgz#722d7cbfc1f6aa8241f16dd814e011e1f41e8796"
  integrity sha512-f2dvO0VU6Oej7RkWJGrehjbzMAjFp5/VKPp5tTpWIV4JHHZK1/BxbFRtf/siA2SWTe09caDmVtYYzWEIbBS4zw==
  dependencies:
    function-bind "^1.1.1"

iconv-lite@^0.6.3:
  version "0.6.3"
  resolved "https://registry.yarnpkg.com/iconv-lite/-/iconv-lite-0.6.3.tgz#a52f80bf38da1952eb5c681790719871a1a72501"
  integrity sha512-4fCk79wshMdzMp2rH06qWrJE4iolqLhCUH+OiuIgU++RB0+94NlDL81atO7GX55uUKueo0txHNtvEyI6D7WdMw==
  dependencies:
    safer-buffer ">= 2.1.2 < 3.0.0"

inflection@^1.13.2:
  version "1.13.4"
  resolved "https://registry.yarnpkg.com/inflection/-/inflection-1.13.4.tgz#65aa696c4e2da6225b148d7a154c449366633a32"
  integrity sha512-6I/HUDeYFfuNCVS3td055BaXBwKYuzw7K3ExVMStBowKo9oOAMJIXIHvdyR3iboTCp1b+1i5DSkIZTcwIktuDw==

inflight@^1.0.4:
  version "1.0.6"
  resolved "https://registry.yarnpkg.com/inflight/-/inflight-1.0.6.tgz#49bd6331d7d02d0c09bc910a1075ba8165b56df9"
  integrity sha512-k92I/b08q4wvFscXCLvqfsHCrjrF7yiXsQuIVvVE7N82W3+aqpzuUdBbfhWcy/FZR3/4IgflMgKLOsvPDrGCJA==
  dependencies:
    once "^1.3.0"
    wrappy "1"

inherits@2:
  version "2.0.4"
  resolved "https://registry.yarnpkg.com/inherits/-/inherits-2.0.4.tgz#0fa2c64f932917c3433a0ded55363aae37416b7c"
  integrity sha512-k/vGaX4/Yla3WzyMCvTQOXYeIHvqOKtnqBduzTHpzpQZzAskKMhZ2K+EnBiSM9zGSoIFeMpXKxa4dYeZIQqewQ==

ini@^1.3.4:
  version "1.3.8"
  resolved "https://registry.yarnpkg.com/ini/-/ini-1.3.8.tgz#a29da425b48806f34767a4efce397269af28432c"
  integrity sha512-JV/yugV2uzW5iMRSiZAyDtQd+nxtUnjeLt0acNdw98kKLrvuRVyB80tsREOE7yvGVgalhZ6RNXCmEHkUKBKxew==

is-core-module@^2.9.0:
  version "2.11.0"
  resolved "https://registry.yarnpkg.com/is-core-module/-/is-core-module-2.11.0.tgz#ad4cb3e3863e814523c96f3f58d26cc570ff0144"
  integrity sha512-RRjxlvLDkD1YJwDbroBHMb+cukurkDWNyHx7D3oNB5x9rb5ogcksMC5wHCadcXoo67gVr/+3GFySh3134zi6rw==
  dependencies:
    has "^1.0.3"

is-fullwidth-code-point@^3.0.0:
  version "3.0.0"
  resolved "https://registry.yarnpkg.com/is-fullwidth-code-point/-/is-fullwidth-code-point-3.0.0.tgz#f116f8064fe90b3f7844a38997c0b75051269f1d"
  integrity sha512-zymm5+u+sCsSWyD9qNaejV3DFvhCKclKdizYaJUuHA83RLjb7nSuGnddCHGv0hk+KY7BMAlsWeK4Ueg6EV6XQg==

is-promise@^2.2.2:
  version "2.2.2"
  resolved "https://registry.yarnpkg.com/is-promise/-/is-promise-2.2.2.tgz#39ab959ccbf9a774cf079f7b40c7a26f763135f1"
  integrity sha512-+lP4/6lKUBfQjZ2pdxThZvLUAafmZb8OAxFb8XXtiQmS35INgr85hdOGoEs124ez1FCnZJt6jau/T+alh58QFQ==

is-property@^1.0.2:
  version "1.0.2"
  resolved "https://registry.yarnpkg.com/is-property/-/is-property-1.0.2.tgz#57fe1c4e48474edd65b09911f26b1cd4095dda84"
  integrity sha512-Ks/IoX00TtClbGQr4TWXemAnktAQvYB7HzcCxDGqEZU6oCmb2INHuOoKxbtR+HFkmYWBKv/dOZtGRiAjDhj92g==

js-beautify@^1.14.5:
  version "1.14.7"
  resolved "https://registry.yarnpkg.com/js-beautify/-/js-beautify-1.14.7.tgz#9206296de33f86dc106d3e50a35b7cf8729703b2"
  integrity sha512-5SOX1KXPFKx+5f6ZrPsIPEY7NwKeQz47n3jm2i+XeHx9MoRsfQenlOP13FQhWvg8JRS0+XLO6XYUQ2GX+q+T9A==
  dependencies:
    config-chain "^1.1.13"
    editorconfig "^0.15.3"
    glob "^8.0.3"
    nopt "^6.0.0"

jsonfile@^6.0.1:
  version "6.1.0"
  resolved "https://registry.yarnpkg.com/jsonfile/-/jsonfile-6.1.0.tgz#bc55b2634793c679ec6403094eb13698a6ec0aae"
  integrity sha512-5dgndWOriYSm5cnYaJNhalLNDKOqFwyDB/rr1E9ZsGciGvKPs8R2xYGCacuf3z6K1YKDz182fd+fY3cn3pMqXQ==
  dependencies:
    universalify "^2.0.0"
  optionalDependencies:
    graceful-fs "^4.1.6"

jsonwebtoken@^8.5.1:
  version "8.5.1"
  resolved "https://registry.yarnpkg.com/jsonwebtoken/-/jsonwebtoken-8.5.1.tgz#00e71e0b8df54c2121a1f26137df2280673bcc0d"
  integrity sha512-XjwVfRS6jTMsqYs0EsuJ4LGxXV14zQybNd4L2r0UvbVnSF9Af8x7p5MzbJ90Ioz/9TI41/hTCvznF/loiSzn8w==
  dependencies:
    jws "^3.2.2"
    lodash.includes "^4.3.0"
    lodash.isboolean "^3.0.3"
    lodash.isinteger "^4.0.4"
    lodash.isnumber "^3.0.3"
    lodash.isplainobject "^4.0.6"
    lodash.isstring "^4.0.1"
    lodash.once "^4.0.0"
    ms "^2.1.1"
    semver "^5.6.0"

jwa@^1.4.1:
  version "1.4.1"
  resolved "https://registry.yarnpkg.com/jwa/-/jwa-1.4.1.tgz#743c32985cb9e98655530d53641b66c8645b039a"
  integrity sha512-qiLX/xhEEFKUAJ6FiBMbes3w9ATzyk5W7Hvzpa/SLYdxNtng+gcurvrI7TbACjIXlsJyr05/S1oUhZrc63evQA==
  dependencies:
    buffer-equal-constant-time "1.0.1"
    ecdsa-sig-formatter "1.0.11"
    safe-buffer "^5.0.1"

jws@^3.2.2:
  version "3.2.2"
  resolved "https://registry.yarnpkg.com/jws/-/jws-3.2.2.tgz#001099f3639468c9414000e99995fa52fb478304"
  integrity sha512-YHlZCB6lMTllWDtSPHz/ZXTsi8S00usEV6v1tjq8tOUZzw7DpSDWVXjXDre6ed1w/pd495ODpHZYSdkRTsa0HA==
  dependencies:
    jwa "^1.4.1"
    safe-buffer "^5.0.1"

lodash.includes@^4.3.0:
  version "4.3.0"
  resolved "https://registry.yarnpkg.com/lodash.includes/-/lodash.includes-4.3.0.tgz#60bb98a87cb923c68ca1e51325483314849f553f"
  integrity sha512-W3Bx6mdkRTGtlJISOvVD/lbqjTlPPUDTMnlXZFnVwi9NKJ6tiAk6LVdlhZMm17VZisqhKcgzpO5Wz91PCt5b0w==

lodash.isboolean@^3.0.3:
  version "3.0.3"
  resolved "https://registry.yarnpkg.com/lodash.isboolean/-/lodash.isboolean-3.0.3.tgz#6c2e171db2a257cd96802fd43b01b20d5f5870f6"
  integrity sha512-Bz5mupy2SVbPHURB98VAcw+aHh4vRV5IPNhILUCsOzRmsTmSQ17jIuqopAentWoehktxGd9e/hbIXq980/1QJg==

lodash.isinteger@^4.0.4:
  version "4.0.4"
  resolved "https://registry.yarnpkg.com/lodash.isinteger/-/lodash.isinteger-4.0.4.tgz#619c0af3d03f8b04c31f5882840b77b11cd68343"
  integrity sha512-DBwtEWN2caHQ9/imiNeEA5ys1JoRtRfY3d7V9wkqtbycnAmTvRRmbHKDV4a0EYc678/dia0jrte4tjYwVBaZUA==

lodash.isnumber@^3.0.3:
  version "3.0.3"
  resolved "https://registry.yarnpkg.com/lodash.isnumber/-/lodash.isnumber-3.0.3.tgz#3ce76810c5928d03352301ac287317f11c0b1ffc"
  integrity sha512-QYqzpfwO3/CWf3XP+Z+tkQsfaLL/EnUlXWVkIk5FUPc4sBdTehEqZONuyRt2P67PXAk+NXmTBcc97zw9t1FQrw==

lodash.isplainobject@^4.0.6:
  version "4.0.6"
  resolved "https://registry.yarnpkg.com/lodash.isplainobject/-/lodash.isplainobject-4.0.6.tgz#7c526a52d89b45c45cc690b88163be0497f550cb"
  integrity sha512-oSXzaWypCMHkPC3NvBEaPHf0KsA5mvPrOPgQWDsbg8n7orZ290M0BmC/jgRZ4vcJ6DTAhjrsSYgdsW/F+MFOBA==

lodash.isstring@^4.0.1:
  version "4.0.1"
  resolved "https://registry.yarnpkg.com/lodash.isstring/-/lodash.isstring-4.0.1.tgz#d527dfb5456eca7cc9bb95d5daeaf88ba54a5451"
  integrity sha512-0wJxfxH1wgO3GrbuP+dTTk7op+6L41QCXbGINEmD+ny/G/eCqGzxyCsh7159S+mgDDcoarnBw6PC1PS5+wUGgw==

lodash.once@^4.0.0:
  version "4.1.1"
  resolved "https://registry.yarnpkg.com/lodash.once/-/lodash.once-4.1.1.tgz#0dd3971213c7c56df880977d504c88fb471a97ac"
  integrity sha512-Sb487aTOCr9drQVL8pIxOzVhafOjZN9UU54hiN8PU3uAiSV7lx1yYNpbNmex2PK6dSJoNTSJUUswT651yww3Mg==

lodash@^4.17.21:
  version "4.17.21"
  resolved "https://registry.yarnpkg.com/lodash/-/lodash-4.17.21.tgz#679591c564c3bffaae8454cf0b3df370c3d6911c"
  integrity sha512-v2kDEe57lecTulaDIuNTPy3Ry4gLGJ6Z1O3vE1krgXZNrsQ+LFTGHVxVjcXPs17LhbZVGedAJv8XZ1tvj5FvSg==

long@^4.0.0:
  version "4.0.0"
  resolved "https://registry.yarnpkg.com/long/-/long-4.0.0.tgz#9a7b71cfb7d361a194ea555241c92f7468d5bf28"
  integrity sha512-XsP+KhQif4bjX1kbuSiySJFNAehNxgLb6hPRGJ9QsUr8ajHkuXGdrHmFUTUUXhDwVX2R5bY4JNZEwbUiMhV+MA==

lru-cache@^4.1.3, lru-cache@^4.1.5:
  version "4.1.5"
  resolved "https://registry.yarnpkg.com/lru-cache/-/lru-cache-4.1.5.tgz#8bbe50ea85bed59bc9e33dcab8235ee9bcf443cd"
  integrity sha512-sWZlbEP2OsHNkXrMl5GYk/jKk70MBng6UU4YI/qGDYbgf6YbP4EvmqISbXCoJiRKs+1bSpFHVgQxvJ17F2li5g==
  dependencies:
    pseudomap "^1.0.2"
    yallist "^2.1.2"

lru-cache@^6.0.0:
  version "6.0.0"
  resolved "https://registry.yarnpkg.com/lru-cache/-/lru-cache-6.0.0.tgz#6d6fe6570ebd96aaf90fcad1dafa3b2566db3a94"
  integrity sha512-Jo6dJ04CmSjuznwJSS3pUeWmd/H0ffTlkXXgwZi+eq1UCmqQwCh+eLsYOYCwY991i2Fah4h1BEMCx4qThGbsiA==
  dependencies:
    yallist "^4.0.0"

lru-queue@^0.1.0:
  version "0.1.0"
  resolved "https://registry.yarnpkg.com/lru-queue/-/lru-queue-0.1.0.tgz#2738bd9f0d3cf4f84490c5736c48699ac632cda3"
  integrity sha512-BpdYkt9EvGl8OfWHDQPISVpcl5xZthb+XPsbELj5AQXxIC8IriDZIQYjBJPEm5rS420sjZ0TLEzRcq5KdBhYrQ==
  dependencies:
    es5-ext "~0.10.2"

memoizee@^0.4.15:
  version "0.4.15"
  resolved "https://registry.yarnpkg.com/memoizee/-/memoizee-0.4.15.tgz#e6f3d2da863f318d02225391829a6c5956555b72"
  integrity sha512-UBWmJpLZd5STPm7PMUlOw/TSy972M+z8gcyQ5veOnSDRREz/0bmpyTfKt3/51DhEBqCZQn1udM/5flcSPYhkdQ==
  dependencies:
    d "^1.0.1"
    es5-ext "^0.10.53"
    es6-weak-map "^2.0.3"
    event-emitter "^0.3.5"
    is-promise "^2.2.2"
    lru-queue "^0.1.0"
    next-tick "^1.1.0"
    timers-ext "^0.1.7"

mime-db@^1.52.0:
  version "1.52.0"
  resolved "https://registry.yarnpkg.com/mime-db/-/mime-db-1.52.0.tgz#bbabcdc02859f4987301c856e3387ce5ec43bf70"
  integrity sha512-sPU4uV7dYlvtWJxwwxHD0PuihVNiE7TyAbQ5SWxDCB9mUYvOgroQOwYQQOKPJ8CIbE+1ETVlOoK1UC2nU3gYvg==

minimatch@^5.0.1:
  version "5.1.2"
  resolved "https://registry.yarnpkg.com/minimatch/-/minimatch-5.1.2.tgz#0939d7d6f0898acbd1508abe534d1929368a8fff"
  integrity sha512-bNH9mmM9qsJ2X4r2Nat1B//1dJVcn3+iBLa3IgqJ7EbGaDNepL9QSHOxN4ng33s52VMMhhIfgCYDk3C4ZmlDAg==
  dependencies:
    brace-expansion "^2.0.1"

moment-timezone@^0.5.34:
  version "0.5.40"
  resolved "https://registry.yarnpkg.com/moment-timezone/-/moment-timezone-0.5.40.tgz#c148f5149fd91dd3e29bf481abc8830ecba16b89"
  integrity sha512-tWfmNkRYmBkPJz5mr9GVDn9vRlVZOTe6yqY92rFxiOdWXbjaR0+9LwQnZGGuNR63X456NqmEkbskte8tWL5ePg==
  dependencies:
    moment ">= 2.9.0"

"moment@>= 2.9.0", moment@^2.29.1:
  version "2.29.4"
  resolved "https://registry.yarnpkg.com/moment/-/moment-2.29.4.tgz#3dbe052889fe7c1b2ed966fcb3a77328964ef108"
  integrity sha512-5LC9SOxjSc2HF6vO2CyuTDNivEdoz2IvyJJGj6X8DJ0eFyfszE0QiEd+iXmBvUP3WHxSjFH/vIsA0EN00cgr8w==

ms@2.1.2:
  version "2.1.2"
  resolved "https://registry.yarnpkg.com/ms/-/ms-2.1.2.tgz#d09d1f357b443f493382a8eb3ccd183872ae6009"
  integrity sha512-sGkPx+VjMtmA6MX27oA4FBFELFCZZ4S4XqeGOXCv68tT+jb3vk/RyaKWP0PTKyWtmLSM0b+adUTEvbs1PEaH2w==

ms@^2.1.1:
  version "2.1.3"
  resolved "https://registry.yarnpkg.com/ms/-/ms-2.1.3.tgz#574c8138ce1d2b5861f0b44579dbadd60c6615b2"
  integrity sha512-6FlzubTLZG3J2a/NVCAleEhjzq5oxgHyaCU9yYXvcLsvoVaHJq/s5xXI6/XXP6tz7R9xAOtHnSO/tXtF3WRTlA==

mysql2@^2.3.3:
  version "2.3.3"
  resolved "https://registry.yarnpkg.com/mysql2/-/mysql2-2.3.3.tgz#944f3deca4b16629052ff8614fbf89d5552545a0"
  integrity sha512-wxJUev6LgMSgACDkb/InIFxDprRa6T95+VEoR+xPvtngtccNH2dGjEB/fVZ8yg1gWv1510c9CvXuJHi5zUm0ZA==
  dependencies:
    denque "^2.0.1"
    generate-function "^2.3.1"
    iconv-lite "^0.6.3"
    long "^4.0.0"
    lru-cache "^6.0.0"
    named-placeholders "^1.1.2"
    seq-queue "^0.0.5"
    sqlstring "^2.3.2"

named-placeholders@^1.1.2:
  version "1.1.2"
  resolved "https://registry.yarnpkg.com/named-placeholders/-/named-placeholders-1.1.2.tgz#ceb1fbff50b6b33492b5cf214ccf5e39cef3d0e8"
  integrity sha512-wiFWqxoLL3PGVReSZpjLVxyJ1bRqe+KKJVbr4hGs1KWfTZTQyezHFBbuKj9hsizHyGV2ne7EMjHdxEGAybD5SA==
  dependencies:
    lru-cache "^4.1.3"

next-tick@1, next-tick@^1.1.0:
  version "1.1.0"
  resolved "https://registry.yarnpkg.com/next-tick/-/next-tick-1.1.0.tgz#1836ee30ad56d67ef281b22bd199f709449b35eb"
  integrity sha512-CXdUiJembsNjuToQvxayPZF9Vqht7hewsvy2sOWafLvi2awflj9mOC6bHIg50orX8IJvWKY9wYQ/zB2kogPslQ==

nopt@^6.0.0:
  version "6.0.0"
  resolved "https://registry.yarnpkg.com/nopt/-/nopt-6.0.0.tgz#245801d8ebf409c6df22ab9d95b65e1309cdb16d"
  integrity sha512-ZwLpbTgdhuZUnZzjd7nb1ZV+4DoiC6/sfiVKok72ym/4Tlf+DFdlHYmT2JPmcNNWV6Pi3SDf1kT+A4r9RTuT9g==
  dependencies:
    abbrev "^1.0.0"

once@^1.3.0:
  version "1.4.0"
  resolved "https://registry.yarnpkg.com/once/-/once-1.4.0.tgz#583b1aa775961d4b113ac17d9c50baef9dd76bd1"
  integrity sha512-lNaJgI+2Q5URQBkccEKHTQOPaXdUxnZZElQTZY0MFUAuaEqe1E+Nyvgdz/aIyNi6Z9MzO5dv1H8n58/GELp3+w==
  dependencies:
    wrappy "1"

path-parse@^1.0.7:
  version "1.0.7"
  resolved "https://registry.yarnpkg.com/path-parse/-/path-parse-1.0.7.tgz#fbc114b60ca42b30d9daf5858e4bd68bbedb6735"
  integrity sha512-LDJzPVEEEPR+y48z93A0Ed0yXb8pAByGWo/k5YYdYgpY2/2EsOsksJrq7lOHxryrVOn1ejG6oAp8ahvOIQD8sw==

pg-connection-string@^2.5.0:
  version "2.5.0"
  resolved "https://registry.yarnpkg.com/pg-connection-string/-/pg-connection-string-2.5.0.tgz#538cadd0f7e603fc09a12590f3b8a452c2c0cf34"
  integrity sha512-r5o/V/ORTA6TmUnyWZR9nCj1klXCO2CEKNRlVuJptZe85QuhFayC7WeMic7ndayT5IRIR0S0xFxFi2ousartlQ==

proto-list@~1.2.1:
  version "1.2.4"
  resolved "https://registry.yarnpkg.com/proto-list/-/proto-list-1.2.4.tgz#212d5bfe1318306a420f6402b8e26ff39647a849"
  integrity sha512-vtK/94akxsTMhe0/cbfpR+syPuszcuwhqVjJq26CuNDgFGj682oRBXOP5MJpv2r7JtE8MsiepGIqvvOTBwn2vA==

pseudomap@^1.0.2:
  version "1.0.2"
  resolved "https://registry.yarnpkg.com/pseudomap/-/pseudomap-1.0.2.tgz#f052a28da70e618917ef0a8ac34c1ae5a68286b3"
  integrity sha512-b/YwNhb8lk1Zz2+bXXpS/LK9OisiZZ1SNsSLxN1x2OXVEhW2Ckr/7mWE5vrC1ZTiJlD9g19jWszTmJsB+oEpFQ==

require-directory@^2.1.1:
  version "2.1.1"
  resolved "https://registry.yarnpkg.com/require-directory/-/require-directory-2.1.1.tgz#8c64ad5fd30dab1c976e2344ffe7f792a6a6df42"
  integrity sha512-fGxEI7+wsG9xrvdjsrlmL22OMTTiHRwAMroiEeMgq8gzoLC/PQr7RsRDSTLUg/bZAZtF+TVIkHc6/4RIKrui+Q==

resolve@^1.22.1:
  version "1.22.1"
  resolved "https://registry.yarnpkg.com/resolve/-/resolve-1.22.1.tgz#27cb2ebb53f91abb49470a928bba7558066ac177"
  integrity sha512-nBpuuYuY5jFsli/JIs1oldw6fOQCBioohqWZg/2hiaOybXOft4lonv85uDOKXdf8rhyK159cxU5cDcK/NKk8zw==
  dependencies:
    is-core-module "^2.9.0"
    path-parse "^1.0.7"
    supports-preserve-symlinks-flag "^1.0.0"

retry-as-promised@^7.0.3:
  version "7.0.3"
  resolved "https://registry.yarnpkg.com/retry-as-promised/-/retry-as-promised-7.0.3.tgz#ca3c13b15525a7bfbf0f56d2996f0e75649d068b"
  integrity sha512-SEvMa4khHvpU/o6zgh7sK24qm6rxVgKnrSyzb5POeDvZx5N9Bf0s5sQsQ4Fl+HjRp0X+w2UzACGfUnXtx6cJ9Q==

safe-buffer@^5.0.1:
  version "5.2.1"
  resolved "https://registry.yarnpkg.com/safe-buffer/-/safe-buffer-5.2.1.tgz#1eaf9fa9bdb1fdd4ec75f58f9cdb4e6b7827eec6"
  integrity sha512-rp3So07KcdmmKbGvgaNxQSJr7bGVSVk5S9Eq1F+ppbRo70+YeaDxkw5Dd8NPN+GD6bjnYm2VuPuCXmpuYvmCXQ==

"safer-buffer@>= 2.1.2 < 3.0.0":
  version "2.1.2"
  resolved "https://registry.yarnpkg.com/safer-buffer/-/safer-buffer-2.1.2.tgz#44fa161b0187b9549dd84bb91802f9bd8385cd6a"
  integrity sha512-YZo3K82SD7Riyi0E1EQPojLz7kpepnSQI9IyPbHHg1XXXevb5dJI7tpyN2ADxGcQbHG7vcyRHk0cbwqcQriUtg==

semver@^5.6.0:
  version "5.7.1"
  resolved "https://registry.yarnpkg.com/semver/-/semver-5.7.1.tgz#a954f931aeba508d307bbf069eff0c01c96116f7"
  integrity sha512-sauaDf/PZdVgrLTNYHRtpXa1iRiKcaebiKQ1BJdpQlWH2lCvexQdX55snPFyK7QzpudqbCI0qXFfOasHdyNDGQ==

semver@^7.3.5:
  version "7.3.8"
  resolved "https://registry.yarnpkg.com/semver/-/semver-7.3.8.tgz#07a78feafb3f7b32347d725e33de7e2a2df67798"
  integrity sha512-NB1ctGL5rlHrPJtFDVIVzTyQylMLu9N9VICA6HSFJo8MCGVTMW6gfpicwKmmK/dAjTOrqu5l63JJOpDSrAis3A==
  dependencies:
    lru-cache "^6.0.0"

seq-queue@^0.0.5:
  version "0.0.5"
  resolved "https://registry.yarnpkg.com/seq-queue/-/seq-queue-0.0.5.tgz#d56812e1c017a6e4e7c3e3a37a1da6d78dd3c93e"
  integrity sha512-hr3Wtp/GZIc/6DAGPDcV4/9WoZhjrkXsi5B/07QgX8tsdc6ilr7BFM6PM6rbdAX1kFSDYeZGLipIZZKyQP0O5Q==

sequelize-cli@^6.5.2:
  version "6.5.2"
  resolved "https://registry.yarnpkg.com/sequelize-cli/-/sequelize-cli-6.5.2.tgz#8c0b061a213a550ba812029c0fabeb5a38843d2c"
  integrity sha512-ltXvQOxFFb9pVuDqPJYOS3/X32OVni9zK1S0d0JfloSjmCKZmMDFBWndZbcbJH0QBfyxTt7FLt/kSmKwTRlbsQ==
  dependencies:
    cli-color "^2.0.3"
    fs-extra "^9.1.0"
    js-beautify "^1.14.5"
    lodash "^4.17.21"
    resolve "^1.22.1"
    umzug "^2.3.0"
    yargs "^16.2.0"

sequelize-pool@^7.1.0:
  version "7.1.0"
  resolved "https://registry.yarnpkg.com/sequelize-pool/-/sequelize-pool-7.1.0.tgz#210b391af4002762f823188fd6ecfc7413020768"
  integrity sha512-G9c0qlIWQSK29pR/5U2JF5dDQeqqHRragoyahj/Nx4KOOQ3CPPfzxnfqFPCSB7x5UgjOgnZ61nSxz+fjDpRlJg==

sequelize@^6.28.0:
  version "6.28.0"
  resolved "https://registry.yarnpkg.com/sequelize/-/sequelize-6.28.0.tgz#d6bc4e36647e8501635467c0777c45a33f5d5ba8"
  integrity sha512-+WHqvUQgTp19GLkt+gyQ+F6qg+FIEO2O5F9C0TOYV/PjZ2a/XwWvVkL1NCkS4VSIjVVvAUutiW6Wv9ofveGaVw==
  dependencies:
    "@types/debug" "^4.1.7"
    "@types/validator" "^13.7.1"
    debug "^4.3.3"
    dottie "^2.0.2"
    inflection "^1.13.2"
    lodash "^4.17.21"
    moment "^2.29.1"
    moment-timezone "^0.5.34"
    pg-connection-string "^2.5.0"
    retry-as-promised "^7.0.3"
    semver "^7.3.5"
    sequelize-pool "^7.1.0"
    toposort-class "^1.0.1"
    uuid "^8.3.2"
    validator "^13.7.0"
    wkx "^0.5.0"

sigmund@^1.0.1:
  version "1.0.1"
  resolved "https://registry.yarnpkg.com/sigmund/-/sigmund-1.0.1.tgz#3ff21f198cad2175f9f3b781853fd94d0d19b590"
  integrity sha512-fCvEXfh6NWpm+YSuY2bpXb/VIihqWA6hLsgboC+0nl71Q7N7o2eaCW8mJa/NLvQhs6jpd3VZV4UiUQlV6+lc8g==

sqlstring@^2.3.2:
  version "2.3.3"
  resolved "https://registry.yarnpkg.com/sqlstring/-/sqlstring-2.3.3.tgz#2ddc21f03bce2c387ed60680e739922c65751d0c"
  integrity sha512-qC9iz2FlN7DQl3+wjwn3802RTyjCx7sDvfQEXchwa6CWOx07/WVfh91gBmQ9fahw8snwGEWU3xGzOt4tFyHLxg==

string-width@^4.1.0, string-width@^4.2.0:
  version "4.2.3"
  resolved "https://registry.yarnpkg.com/string-width/-/string-width-4.2.3.tgz#269c7117d27b05ad2e536830a8ec895ef9c6d010"
  integrity sha512-wKyQRQpjJ0sIp62ErSZdGsjMJWsap5oRNihHhu6G7JVO/9jIB6UyevL+tXuOqrng8j/cxKTWyWUwvSTriiZz/g==
  dependencies:
    emoji-regex "^8.0.0"
    is-fullwidth-code-point "^3.0.0"
    strip-ansi "^6.0.1"

strip-ansi@^6.0.0, strip-ansi@^6.0.1:
  version "6.0.1"
  resolved "https://registry.yarnpkg.com/strip-ansi/-/strip-ansi-6.0.1.tgz#9e26c63d30f53443e9489495b2105d37b67a85d9"
  integrity sha512-Y38VPSHcqkFrCpFnQ9vuSXmquuv5oXOKpGeT6aGrr3o3Gc9AlVa6JBfUSOCnbxGGZF+/0ooI7KrPuUSztUdU5A==
  dependencies:
    ansi-regex "^5.0.1"

supports-preserve-symlinks-flag@^1.0.0:
  version "1.0.0"
  resolved "https://registry.yarnpkg.com/supports-preserve-symlinks-flag/-/supports-preserve-symlinks-flag-1.0.0.tgz#6eda4bd344a3c94aea376d4cc31bc77311039e09"
  integrity sha512-ot0WnXS9fgdkgIcePe6RHNk1WA8+muPa6cSjeR3V8K27q9BB1rTE3R1p7Hv0z1ZyAc8s6Vvv8DIyWf681MAt0w==

timers-ext@^0.1.7:
  version "0.1.7"
  resolved "https://registry.yarnpkg.com/timers-ext/-/timers-ext-0.1.7.tgz#6f57ad8578e07a3fb9f91d9387d65647555e25c6"
  integrity sha512-b85NUNzTSdodShTIbky6ZF02e8STtVVfD+fu4aXXShEELpozH+bCpJLYMPZbsABN2wDH7fJpqIoXxJpzbf0NqQ==
  dependencies:
    es5-ext "~0.10.46"
    next-tick "1"

toposort-class@^1.0.1:
  version "1.0.1"
  resolved "https://registry.yarnpkg.com/toposort-class/-/toposort-class-1.0.1.tgz#7ffd1f78c8be28c3ba45cd4e1a3f5ee193bd9988"
  integrity sha512-OsLcGGbYF3rMjPUf8oKktyvCiUxSbqMMS39m33MAjLTC1DVIH6x3WSt63/M77ihI09+Sdfk1AXvfhCEeUmC7mg==

type@^1.0.1:
  version "1.2.0"
  resolved "https://registry.yarnpkg.com/type/-/type-1.2.0.tgz#848dd7698dafa3e54a6c479e759c4bc3f18847a0"
  integrity sha512-+5nt5AAniqsCnu2cEQQdpzCAh33kVx8n0VoFidKpB1dVVLAN/F+bgVOqOJqOnEnrhp222clB5p3vUlD+1QAnfg==

type@^2.7.2:
  version "2.7.2"
  resolved "https://registry.yarnpkg.com/type/-/type-2.7.2.tgz#2376a15a3a28b1efa0f5350dcf72d24df6ef98d0"
  integrity sha512-dzlvlNlt6AXU7EBSfpAscydQ7gXB+pPGsPnfJnZpiNJBDj7IaJzQlBZYGdEi4R9HmPdBv2XmWJ6YUtoTa7lmCw==

umzug@^2.3.0:
  version "2.3.0"
  resolved "https://registry.yarnpkg.com/umzug/-/umzug-2.3.0.tgz#0ef42b62df54e216b05dcaf627830a6a8b84a184"
  integrity sha512-Z274K+e8goZK8QJxmbRPhl89HPO1K+ORFtm6rySPhFKfKc5GHhqdzD0SGhSWHkzoXasqJuItdhorSvY7/Cgflw==
  dependencies:
    bluebird "^3.7.2"

universalify@^2.0.0:
  version "2.0.0"
  resolved "https://registry.yarnpkg.com/universalify/-/universalify-2.0.0.tgz#75a4984efedc4b08975c5aeb73f530d02df25717"
  integrity sha512-hAZsKq7Yy11Zu1DE0OzWjw7nnLZmJZYTDZZyEFHZdUhV8FkH5MCfoU1XMaxXovpyW5nq5scPqq0ZDP9Zyl04oQ==

uuid@^8.3.2:
  version "8.3.2"
  resolved "https://registry.yarnpkg.com/uuid/-/uuid-8.3.2.tgz#80d5b5ced271bb9af6c445f21a1a04c606cefbe2"
  integrity sha512-+NYs2QeMWy+GWFOEm9xnn6HCDp0l7QBD7ml8zLUmJ+93Q5NF0NocErnwkTkXVFNiX3/fpC6afS8Dhb/gz7R7eg==

validator@^13.7.0:
  version "13.7.0"
  resolved "https://registry.yarnpkg.com/validator/-/validator-13.7.0.tgz#4f9658ba13ba8f3d82ee881d3516489ea85c0857"
  integrity sha512-nYXQLCBkpJ8X6ltALua9dRrZDHVYxjJ1wgskNt1lH9fzGjs3tgojGSCBjmEPwkWS1y29+DrizMTW19Pr9uB2nw==

wkx@^0.5.0:
  version "0.5.0"
  resolved "https://registry.yarnpkg.com/wkx/-/wkx-0.5.0.tgz#c6c37019acf40e517cc6b94657a25a3d4aa33e8c"
  integrity sha512-Xng/d4Ichh8uN4l0FToV/258EjMGU9MGcA0HV2d9B/ZpZB3lqQm7nkOdZdm5GhKtLLhAE7PiVQwN4eN+2YJJUg==
  dependencies:
    "@types/node" "*"

wrap-ansi@^7.0.0:
  version "7.0.0"
  resolved "https://registry.yarnpkg.com/wrap-ansi/-/wrap-ansi-7.0.0.tgz#67e145cff510a6a6984bdf1152911d69d2eb9e43"
  integrity sha512-YVGIj2kamLSTxw6NsZjoBxfSwsn0ycdesmc4p+Q21c5zPuZ1pl+NfxVdxPtdHvmNVOQ6XSYG4AUtyt/Fi7D16Q==
  dependencies:
    ansi-styles "^4.0.0"
    string-width "^4.1.0"
    strip-ansi "^6.0.0"

wrappy@1:
  version "1.0.2"
  resolved "https://registry.yarnpkg.com/wrappy/-/wrappy-1.0.2.tgz#b5243d8f3ec1aa35f1364605bc0d1036e30ab69f"
  integrity sha512-l4Sp/DRseor9wL6EvV2+TuQn63dMkPjZ/sp9XkghTEbV9KlPS1xUsZ3u7/IQO4wxtcFB4bgpQPRcR3QCvezPcQ==

y18n@^5.0.5:
  version "5.0.8"
  resolved "https://registry.yarnpkg.com/y18n/-/y18n-5.0.8.tgz#7f4934d0f7ca8c56f95314939ddcd2dd91ce1d55"
  integrity sha512-0pfFzegeDWJHJIAmTLRP2DwHjdF5s7jo9tuztdQxAhINCdvS+3nGINqPd00AphqJR/0LhANUS6/+7SCb98YOfA==

yallist@^2.1.2:
  version "2.1.2"
  resolved "https://registry.yarnpkg.com/yallist/-/yallist-2.1.2.tgz#1c11f9218f076089a47dd512f93c6699a6a81d52"
  integrity sha512-ncTzHV7NvsQZkYe1DW7cbDLm0YpzHmZF5r/iyP3ZnQtMiJ+pjzisCiMNI+Sj+xQF5pXhSHxSB3uDbsBTzY/c2A==

yallist@^4.0.0:
  version "4.0.0"
  resolved "https://registry.yarnpkg.com/yallist/-/yallist-4.0.0.tgz#9bb92790d9c0effec63be73519e11a35019a3a72"
  integrity sha512-3wdGidZyq5PB084XLES5TpOSRA3wjXAlIWMhum2kRcv/41Sn2emQ0dycQW4uZXLejwKvg6EsvbdlVL+FYEct7A==

yargs-parser@^20.2.2:
  version "20.2.9"
  resolved "https://registry.yarnpkg.com/yargs-parser/-/yargs-parser-20.2.9.tgz#2eb7dc3b0289718fc295f362753845c41a0c94ee"
  integrity sha512-y11nGElTIV+CT3Zv9t7VKl+Q3hTQoT9a1Qzezhhl6Rp21gJ/IVTW7Z3y9EWXhuUBC2Shnf+DX0antecpAwSP8w==

yargs@^16.2.0:
  version "16.2.0"
  resolved "https://registry.yarnpkg.com/yargs/-/yargs-16.2.0.tgz#1c82bf0f6b6a66eafce7ef30e376f49a12477f66"
  integrity sha512-D1mvvtDG0L5ft/jGWkLpG1+m0eQxOfaBvTNELraWj22wSVUMWxZUvYgJYcKh6jGGIkJFhH4IZPQhR4TKpc8mBw==
  dependencies:
    cliui "^7.0.2"
    escalade "^3.1.1"
    get-caller-file "^2.0.5"
    require-directory "^2.1.1"
    string-width "^4.2.0"
    y18n "^5.0.5"
    yargs-parser "^20.2.2"
